
Microsoft Visual Studio Solution File, Format Version 12.00
# Visual Studio 15
VisualStudioVersion = 15.0.28307.102
MinimumVisualStudioVersion = 10.0.40219.1
Project("{FAE04EC0-301F-11D3-BF4B-00C04F79EFBC}") = "WoMoService", "WoMoService\WoMoService.csproj", "{BA890D10-B5E4-4DD2-B209-BDC09A90286D}"
EndProject
Project("{FAE04EC0-301F-11D3-BF4B-00C04F79EFBC}") = "WoMoClient", "WoMoClient\WoMoClient.csproj", "{14BCD2C3-C152-46B0-BAB3-EC286CEBADBA}"
EndProject
Global
	GlobalSection(SolutionConfigurationPlatforms) = preSolution
		Debug|Any CPU = Debug|Any CPU
		Release|Any CPU = Release|Any CPU
	EndGlobalSection
	GlobalSection(ProjectConfigurationPlatforms) = postSolution
		{BA890D10-B5E4-4DD2-B209-BDC09A90286D}.Debug|Any CPU.ActiveCfg = Debug|Any CPU
		{BA890D10-B5E4-4DD2-B209-BDC09A90286D}.Debug|Any CPU.Build.0 = Debug|Any CPU
		{BA890D10-B5E4-4DD2-B209-BDC09A90286D}.Release|Any CPU.ActiveCfg = Release|Any CPU
		{BA890D10-B5E4-4DD2-B209-BDC09A90286D}.Release|Any CPU.Build.0 = Release|Any CPU
		{14BCD2C3-C152-46B0-BAB3-EC286CEBADBA}.Debug|Any CPU.ActiveCfg = Debug|Any CPU
		{14BCD2C3-C152-46B0-BAB3-EC286CEBADBA}.Debug|Any CPU.Build.0 = Debug|Any CPU
		{14BCD2C3-C152-46B0-BAB3-EC286CEBADBA}.Release|Any CPU.ActiveCfg = Release|Any CPU
		{14BCD2C3-C152-46B0-BAB3-EC286CEBADBA}.Release|Any CPU.Build.0 = Release|Any CPU
	EndGlobalSection
	GlobalSection(SolutionProperties) = preSolution
		HideSolutionNode = FALSE
	EndGlobalSection
	GlobalSection(ExtensibilityGlobals) = postSolution
		SolutionGuid = {DE5FD61D-2568-4E5D-A635-928E466C7E55}
	EndGlobalSection
EndGlobal
